// !$*UTF8*$!
{
	archiveVersion = 1;
	classes = {
	};
	objectVersion = 46;
	objects = {

/* Begin PBXBuildFile section */
		55FB332B1AC83C3E002B127F /* main.m in Sources */ = {isa = PBXBuildFile; fileRef = 55FB332A1AC83C3E002B127F /* main.m */; };
/* End PBXBuildFile section */

/* Begin PBXCopyFilesBuildPhase section */
		55FB33251AC83C3E002B127F /* CopyFiles */ = {
			isa = PBXCopyFilesBuildPhase;
			buildActionMask = 2147483647;
			dstPath = /usr/share/man/man1/;
			dstSubfolderSpec = 0;
			files = (
			);
			runOnlyForDeploymentPostprocessing = 1;
		};
/* End PBXCopyFilesBuildPhase section */

/* Begin PBXFileReference section */
		55FB33271AC83C3E002B127F /* Demo_Pthread */ = {isa = PBXFileReference; explicitFileType = "compiled.mach-o.executable"; includeInIndex = 0; path = Demo_Pthread; sourceTree = BUILT_PRODUCTS_DIR; };
		55FB332A1AC83C3E002B127F /* main.m */ = {isa = PBXFileReference; lastKnownFileType = sourcecode.c.objc; path = main.m; sourceTree = "<group>"; };
/* End PBXFileReference section */

/* Begin PBXFrameworksBuildPhase section */
		55FB33241AC83C3E002B127F /* Frameworks */ = {
			isa = PBXFrameworksBuildPhase;
			buildActionMask = 2147483647;
			files = (
			);
			runOnlyForDeploymentPostprocessing = 0;
		};
/* End PBXFrameworksBuildPhase section */

/* Begin PBXGroup section */
		55FB331E1AC83C3E002B127F = {
			isa = PBXGroup;
			children = (
				55FB33291AC83C3E002B127F /* Demo_Pthread */,
				55FB33281AC83C3E002B127F /* Products */,
			);
			sourceTree = "<group>";
		};
		55FB33281AC83C3E002B127F /* Products */ = {
			isa = PBXGroup;
			children = (
				55FB33271AC83C3E002B127F /* Demo_Pthread */,
			);
			name = Products;
			sourceTree = "<group>";
		};
		55FB33291AC83C3E002B127F /* Demo_Pthread */ = {
			isa = PBXGroup;
			children = (
				55FB332A1AC83C3E002B127F /* main.m */,
			);
			path = Demo_Pthread;
			sourceTree = "<group>";
		};
/* End PBXGroup section */

/* Begin PBXNativeTarget section */
		55FB33261AC83C3E002B127F /* Demo_Pthread */ = {
			isa = PBXNativeTarget;
			buildConfigurationList = 55FB332E1AC83C3E002B127F /* Build configuration list for PBXNativeTarget "Demo_Pthread" */;
			buildPhases = (
				55FB33231AC83C3E002B127F /* Sources */,
				55FB33241AC83C3E002B127F /* Frameworks */,
				55FB33251AC83C3E002B127F /* CopyFiles */,
			);
			buildRules = (
			);
			dependencies = (
			);
			name = Demo_Pthread;
			productName = Demo_Pthread;
			productReference = 55FB33271AC83C3E002B127F /* Demo_Pthread */;
			productType = "com.apple.product-type.tool";
		};
/* End PBXNativeTarget section */

/* Begin PBXProject section */
		55FB331F1AC83C3E002B127F /* Project object */ = {
			isa = PBXProject;
			attributes = {
				LastUpgradeCheck = 0620;
				ORGANIZATIONNAME = cxjwin;
				TargetAttributes = {
					55FB33261AC83C3E002B127F = {
						CreatedOnToolsVersion = 6.2;
					};
				};
			};
			buildConfigurationList = 55FB33221AC83C3E002B127F /* Build configuration list for PBXProject "Demo_Pthread" */;
			compatibilityVersion = "Xcode 3.2";
			developmentRegion = English;
			hasScannedForEncodings = 0;
			knownRegions = (
				en,
			);
			mainGroup = 55FB331E1AC83C3E002B127F;
			productRefGroup = 55FB33281AC83C3E002B127F /* Products */;
			projectDirPath = "";
			projectRoot = "";
			targets = (
				55FB33261AC83C3E002B127F /* Demo_Pthread */,
			);
		};
/* End PBXProject section */

/* Begin PBXSourcesBuildPhase section */
		55FB33231AC83C3E002B127F /* Sources */ = {
			isa = PBXSourcesBuildPhase;
			buildActionMask = 2147483647;
			files = (
				55FB332B1AC83C3E002B127F /* main.m in Sources */,
			);
			runOnlyForDeploymentPostprocessing = 0;
		};
/* End PBXSourcesBuildPhase section */

/* Begin XCBuildConfiguration section */
		55FB332C1AC83C3E002B127F /* Debug */ = {
			isa = XCBuildConfiguration;
			buildSettings = {
				ALWAYS_SEARCH_USER_PATHS = NO;
				CLANG_CXX_LANGUAGE_STANDARD = "gnu++0x";
				CLANG_CXX_LIBRARY = "libc++";
				CLANG_ENABLE_MODULES = YES;
				CLANG_ENABLE_OBJC_ARC = YES;
				CLANG_WARN_BOOL_CONVERSION = YES;
				CLANG_WARN_CONSTANT_CONVERSION = YES;
				CLANG_WARN_DIRECT_OBJC_ISA_USAGE = YES_ERROR;
				CLANG_WARN_EMPTY_BODY = YES;
				CLANG_WARN_ENUM_CONVERSION = YES;
				CLANG_WARN_INT_CONVERSION = YES;
				CLANG_WARN_OBJC_ROOT_CLASS = YES_ERROR;
				CLANG_WARN_UNREACHABLE_CODE = YES;
				CLANG_WARN__DUPLICATE_METHOD_MATCH = YES;
				COPY_PHASE_STRIP = NO;
				ENABLE_STRICT_OBJC_MSGSEND = YES;
				GCC_C_LANGUAGE_STANDARD = gnu99;
				GCC_DYNAMIC_NO_PIC = NO;
				GCC_OPTIMIZATION_LEVEL = 0;
				GCC_PREPROCESSOR_DEFINITIONS = (
					"DEBUG=1",
					"$(inherited)",
				);
				GCC_SYMBOLS_PRIVATE_EXTERN = NO;
				GCC_WARN_64_TO_32_BIT_CONVERSION = YES;
				GCC_WARN_ABOUT_RETURN_TYPE = YES_ERROR;
				GCC_WARN_UNDECLARED_SELECTOR = YES;
				GCC_WARN_UNINITIALIZED_AUTOS = YES_AGGRESSIVE;
				GCC_WARN_UNUSED_FUNCTION = YES;
				GCC_WARN_UNUSED_VARIABLE = YES;
				MACOSX_DEPLOYMENT_TARGET = 10.10;
				MTL_ENABLE_DEBUG_INFO = YES;
				ONLY_ACTIVE_ARCH = YES;
				SDKROOT = macosx;
			};
			name = Debug;
		};
		55FB332D1AC83C3E002B127F /* Release */ = {
			isa = XCBuildConfiguration;
			buildSettings = {
				ALWAYS_SEARCH_USER_PATHS = NO;
				CLANG_CXX_LANGUAGE_STANDARD = "gnu++0x";
				CLANG_CXX_LIBRARY = "libc++";
				CLANG_ENABLE_MODULES = YES;
				CLANG_ENABLE_OBJC_ARC = YES;
				CLANG_WARN_BOOL_CONVERSION = YES;
				CLANG_WARN_CONSTANT_CONVERSION = YES;
				CLANG_WARN_DIRECT_OBJC_ISA_USAGE = YES_ERROR;
				CLANG_WARN_EMPTY_BODY = YES;
				CLANG_WARN_ENUM_CONVERSION = YES;
				CLANG_WARN_INT_CONVERSION = YES;
				CLANG_WARN_OBJC_ROOT_CLASS = YES_ERROR;
				CLANG_WARN_UNREACHABLE_CODE = YES;
				CLANG_WARN__DUPLICATE_METHOD_MATCH = YES;
				COPY_PHASE_STRIP = NO;
				DEBUG_INFORMATION_FORMAT = "dwarf-with-dsym";
				ENABLE_NS_ASSERTIONS = NO;
				ENABLE_STRICT_OBJC_MSGSEND = YES;
				GCC_C_LANGUAGE_STANDARD = gnu99;
				GCC_WARN_64_TO_32_BIT_CONVERSION = YES;
				GCC_WARN_ABOUT_RETURN_TYPE = YES_ERROR;
				GCC_WARN_UNDECLARED_SELECTOR = YES;
				GCC_WARN_UNINITIALIZED_AUTOS = YES_AGGRESSIVE;
				GCC_WARN_UNUSED_FUNCTION = YES;
				GCC_WARN_UNUSED_VARIABLE = YES;
				MACOSX_DEPLOYMENT_TARGET = 10.10;
				MTL_ENABLE_DEBUG_INFO = NO;
				SDKROOT = macosx;
			};
			name = Release;
		};
		55FB332F1AC83C3E002B127F /* Debug */ = {
			isa = XCBuildConfiguration;
			buildSettings = {
				PRODUCT_NAME = "$(TARGET_NAME)";
			};
			name = Debug;
		};
		55FB33301AC83C3E002B127F /* Release */ = {
			isa = XCBuildConfiguration;
			buildSettings = {
				PRODUCT_NAME = "$(TARGET_NAME)";
			};
			name = Release;
		};
/* End XCBuildConfiguration section */

/* Begin XCConfigurationList section */
		55FB33221AC83C3E002B127F /* Build configuration list for PBXProject "Demo_Pthread" */ = {
			isa = XCConfigurationList;
			buildConfigurations = (
				55FB332C1AC83C3E002B127F /* Debug */,
				55FB332D1AC83C3E002B127F /* Release */,
			);
			defaultConfigurationIsVisible = 0;
			defaultConfigurationName = Release;
		};
		55FB332E1AC83C3E002B127F /* Build configuration list for PBXNativeTarget "Demo_Pthread" */ = {
			isa = XCConfigurationList;
			buildConfigurations = (
				55FB332F1AC83C3E002B127F /* Debug */,
				55FB33301AC83C3E002B127F /* Release */,
			);
			defaultConfigurationIsVisible = 0;
		};
/* End XCConfigurationList section */
	};
	rootObject = 55FB331F1AC83C3E002B127F /* Project object */;
}
